
Microsoft Visual Studio Solution File, Format Version 12.00
# Visual Studio Version 16
VisualStudioVersion = 16.0.32929.386
MinimumVisualStudioVersion = 10.0.40219.1
Project("{FAE04EC0-301F-11D3-BF4B-00C04F79EFBC}") = "MVVMTestApp", "MVVMTestApp\MVVMTestApp.csproj", "{BF778A73-8775-4919-9FDE-DFBEB89B315A}"
EndProject
Global
	GlobalSection(SolutionConfigurationPlatforms) = preSolution
		Debug|Any CPU = Debug|Any CPU
		Release|Any CPU = Release|Any CPU
	EndGlobalSection
	GlobalSection(ProjectConfigurationPlatforms) = postSolution
		{BF778A73-8775-4919-9FDE-DFBEB89B315A}.Debug|Any CPU.ActiveCfg = Debug|Any CPU
		{BF778A73-8775-4919-9FDE-DFBEB89B315A}.Debug|Any CPU.Build.0 = Debug|Any CPU
		{BF778A73-8775-4919-9FDE-DFBEB89B315A}.Release|Any CPU.ActiveCfg = Release|Any CPU
		{BF778A73-8775-4919-9FDE-DFBEB89B315A}.Release|Any CPU.Build.0 = Release|Any CPU
	EndGlobalSection
	GlobalSection(SolutionProperties) = preSolution
		HideSolutionNode = FALSE
	EndGlobalSection
	GlobalSection(ExtensibilityGlobals) = postSolution
		SolutionGuid = {61B6EF26-015A-4520-86F8-DBBA1DCF58A9}
	EndGlobalSection
EndGlobal
